
Microsoft Visual Studio Solution File, Format Version 12.00
# Visual Studio 15
VisualStudioVersion = 15.0.28010.2046
MinimumVisualStudioVersion = 10.0.40219.1
Project("{FAE04EC0-301F-11D3-BF4B-00C04F79EFBC}") = "Esercizio_Sconto", "Esercizio_Sconto\Esercizio_Sconto.csproj", "{45610B78-C886-4757-9A1E-DACD612B621E}"
EndProject
Global
	GlobalSection(SolutionConfigurationPlatforms) = preSolution
		Debug|Any CPU = Debug|Any CPU
		Release|Any CPU = Release|Any CPU
	EndGlobalSection
	GlobalSection(ProjectConfigurationPlatforms) = postSolution
		{45610B78-C886-4757-9A1E-DACD612B621E}.Debug|Any CPU.ActiveCfg = Debug|Any CPU
		{45610B78-C886-4757-9A1E-DACD612B621E}.Debug|Any CPU.Build.0 = Debug|Any CPU
		{45610B78-C886-4757-9A1E-DACD612B621E}.Release|Any CPU.ActiveCfg = Release|Any CPU
		{45610B78-C886-4757-9A1E-DACD612B621E}.Release|Any CPU.Build.0 = Release|Any CPU
	EndGlobalSection
	GlobalSection(SolutionProperties) = preSolution
		HideSolutionNode = FALSE
	EndGlobalSection
	GlobalSection(ExtensibilityGlobals) = postSolution
		SolutionGuid = {9ED4A621-9D61-4DA1-A949-D71C4C1639EB}
	EndGlobalSection
EndGlobal
